// !$*UTF8*$!
{
	archiveVersion = 1;
	classes = {
	};
	objectVersion = 55;
	objects = {

/* Begin PBXBuildFile section */
		D509506528A3F5970030F5EB /* CityModel.swift in Sources */ = {isa = PBXBuildFile; fileRef = D509506428A3F5970030F5EB /* CityModel.swift */; };
		D5384C2328BC130100BB5E50 /* LoadingCityTableViewCell.swift in Sources */ = {isa = PBXBuildFile; fileRef = D5384C2228BC130100BB5E50 /* LoadingCityTableViewCell.swift */; };
		D558873828A288860003F11C /* MainScreenPageViewController.swift in Sources */ = {isa = PBXBuildFile; fileRef = D558873728A288860003F11C /* MainScreenPageViewController.swift */; };
		D558874928A2ECAA0003F11C /* NetworkManager.swift in Sources */ = {isa = PBXBuildFile; fileRef = D558874828A2ECAA0003F11C /* NetworkManager.swift */; };
		D558874B28A2ECB70003F11C /* WeatherModel.swift in Sources */ = {isa = PBXBuildFile; fileRef = D558874A28A2ECB70003F11C /* WeatherModel.swift */; };
		D55C834028AA8C0900B956DC /* HourlyForecastView.swift in Sources */ = {isa = PBXBuildFile; fileRef = D55C833F28AA8C0900B956DC /* HourlyForecastView.swift */; };
		D592B095289E8EA700BE85D2 /* SettingsViewController.swift in Sources */ = {isa = PBXBuildFile; fileRef = D592B094289E8EA700BE85D2 /* SettingsViewController.swift */; };
		D592B097289E9B1700BE85D2 /* SettingsTableViewCell.swift in Sources */ = {isa = PBXBuildFile; fileRef = D592B096289E9B1700BE85D2 /* SettingsTableViewCell.swift */; };
		D59DF8F128985B6500374D63 /* AppDelegate.swift in Sources */ = {isa = PBXBuildFile; fileRef = D59DF8F028985B6500374D63 /* AppDelegate.swift */; };
		D59DF8FB28985B6500374D63 /* MyWeatherApp.xcdatamodeld in Sources */ = {isa = PBXBuildFile; fileRef = D59DF8F928985B6500374D63 /* MyWeatherApp.xcdatamodeld */; };
		D59DF8FD28985B6A00374D63 /* Assets.xcassets in Resources */ = {isa = PBXBuildFile; fileRef = D59DF8FC28985B6A00374D63 /* Assets.xcassets */; };
		D59DF90028985B6A00374D63 /* LaunchScreen.storyboard in Resources */ = {isa = PBXBuildFile; fileRef = D59DF8FE28985B6A00374D63 /* LaunchScreen.storyboard */; };
		D59DF90928985EAA00374D63 /* WeatherViewController.swift in Sources */ = {isa = PBXBuildFile; fileRef = D59DF90828985EAA00374D63 /* WeatherViewController.swift */; };
		D59DF90E2898621D00374D63 /* SnapKit in Frameworks */ = {isa = PBXBuildFile; productRef = D59DF90D2898621D00374D63 /* SnapKit */; };
		D59DF9102899B1AF00374D63 /* LaunchSettingsViewController.swift in Sources */ = {isa = PBXBuildFile; fileRef = D59DF90F2899B1AF00374D63 /* LaunchSettingsViewController.swift */; };
		D59DF9122899B27300374D63 /* Constants.swift in Sources */ = {isa = PBXBuildFile; fileRef = D59DF9112899B27300374D63 /* Constants.swift */; };
		D59DF9142899C01000374D63 /* LaunchSettingsView.swift in Sources */ = {isa = PBXBuildFile; fileRef = D59DF9132899C01000374D63 /* LaunchSettingsView.swift */; };
		D59DF9182899C92900374D63 /* SeparateLineView.swift in Sources */ = {isa = PBXBuildFile; fileRef = D59DF9172899C92900374D63 /* SeparateLineView.swift */; };
		D59DF91B289AF10E00374D63 /* CurrentWeatherCollectionViewCell.swift in Sources */ = {isa = PBXBuildFile; fileRef = D59DF91A289AF10E00374D63 /* CurrentWeatherCollectionViewCell.swift */; };
		D59DF920289AFAA000374D63 /* HourlyCollectionViewCell.swift in Sources */ = {isa = PBXBuildFile; fileRef = D59DF91F289AFAA000374D63 /* HourlyCollectionViewCell.swift */; };
		D59DF922289AFB3500374D63 /* HourForecastCollectionViewCell.swift in Sources */ = {isa = PBXBuildFile; fileRef = D59DF921289AFB3500374D63 /* HourForecastCollectionViewCell.swift */; };
		D59DF925289AFE0300374D63 /* HourlyForecastModel.swift in Sources */ = {isa = PBXBuildFile; fileRef = D59DF924289AFE0300374D63 /* HourlyForecastModel.swift */; };
		D59DF92A289C497400374D63 /* DailyCollectionViewCell.swift in Sources */ = {isa = PBXBuildFile; fileRef = D59DF929289C497400374D63 /* DailyCollectionViewCell.swift */; };
		D59DF92C289C4BAA00374D63 /* DailyTableViewCell.swift in Sources */ = {isa = PBXBuildFile; fileRef = D59DF92B289C4BAA00374D63 /* DailyTableViewCell.swift */; };
		D59DF92E289C574200374D63 /* DetailsWeatherViewController.swift in Sources */ = {isa = PBXBuildFile; fileRef = D59DF92D289C574200374D63 /* DetailsWeatherViewController.swift */; };
		D59DF930289C582700374D63 /* DetailsForecastCollectionViewCell.swift in Sources */ = {isa = PBXBuildFile; fileRef = D59DF92F289C582700374D63 /* DetailsForecastCollectionViewCell.swift */; };
		D59DF932289C609900374D63 /* DetailsBlockCollectionViewCell.swift in Sources */ = {isa = PBXBuildFile; fileRef = D59DF931289C609900374D63 /* DetailsBlockCollectionViewCell.swift */; };
		D59DF934289C683000374D63 /* SearchCityViewController.swift in Sources */ = {isa = PBXBuildFile; fileRef = D59DF933289C683000374D63 /* SearchCityViewController.swift */; };
		D59DF936289C6F3F00374D63 /* CityTableViewCell.swift in Sources */ = {isa = PBXBuildFile; fileRef = D59DF935289C6F3F00374D63 /* CityTableViewCell.swift */; };
		D5C503E228B561BD007DCD48 /* CoreDataStack.swift in Sources */ = {isa = PBXBuildFile; fileRef = D5C503E128B561BD007DCD48 /* CoreDataStack.swift */; };
		D5C503E428B56262007DCD48 /* CoreDataManager.swift in Sources */ = {isa = PBXBuildFile; fileRef = D5C503E328B56262007DCD48 /* CoreDataManager.swift */; };
		D5C503E628B5634F007DCD48 /* Errors.swift in Sources */ = {isa = PBXBuildFile; fileRef = D5C503E528B5634F007DCD48 /* Errors.swift */; };
		D5C503E928B5657C007DCD48 /* UserDefaultsManager.swift in Sources */ = {isa = PBXBuildFile; fileRef = D5C503E828B5657C007DCD48 /* UserDefaultsManager.swift */; };
		D5C898EF28A57F2600E1B123 /* WeatherData.swift in Sources */ = {isa = PBXBuildFile; fileRef = D5C898EE28A57F2600E1B123 /* WeatherData.swift */; };
		D5C898F128A5939C00E1B123 /* CityData.swift in Sources */ = {isa = PBXBuildFile; fileRef = D5C898F028A5939B00E1B123 /* CityData.swift */; };
		D5E8A4C928A18DC200A5A38F /* OnboardingViewController.swift in Sources */ = {isa = PBXBuildFile; fileRef = D5E8A4C828A18DC200A5A38F /* OnboardingViewController.swift */; };
		D5E8A4CC28A194B800A5A38F /* OnboardingView.swift in Sources */ = {isa = PBXBuildFile; fileRef = D5E8A4CB28A194B800A5A38F /* OnboardingView.swift */; };
		D5E8A4CF28A1A75500A5A38F /* CustomLabel.swift in Sources */ = {isa = PBXBuildFile; fileRef = D5E8A4CE28A1A75500A5A38F /* CustomLabel.swift */; };
		D5E8A4D128A1AB5E00A5A38F /* CustomSegmentedControl.swift in Sources */ = {isa = PBXBuildFile; fileRef = D5E8A4D028A1AB5E00A5A38F /* CustomSegmentedControl.swift */; };
		D5E8A4D328A1B11100A5A38F /* CustomButton.swift in Sources */ = {isa = PBXBuildFile; fileRef = D5E8A4D228A1B11100A5A38F /* CustomButton.swift */; };
		D5E8A4D528A1BE8300A5A38F /* DetailsChartCollectionViewCell.swift in Sources */ = {isa = PBXBuildFile; fileRef = D5E8A4D428A1BE8300A5A38F /* DetailsChartCollectionViewCell.swift */; };
		D5E8A4DB28A1C18400A5A38F /* Charts in Frameworks */ = {isa = PBXBuildFile; productRef = D5E8A4DA28A1C18400A5A38F /* Charts */; };
		D5F0C57028BE0EBA00B878EC /* ToolBar.swift in Sources */ = {isa = PBXBuildFile; fileRef = D5F0C56F28BE0EBA00B878EC /* ToolBar.swift */; };
/* End PBXBuildFile section */

/* Begin PBXFileReference section */
		D509506428A3F5970030F5EB /* CityModel.swift */ = {isa = PBXFileReference; lastKnownFileType = sourcecode.swift; path = CityModel.swift; sourceTree = "<group>"; };
		D5384C2228BC130100BB5E50 /* LoadingCityTableViewCell.swift */ = {isa = PBXFileReference; lastKnownFileType = sourcecode.swift; path = LoadingCityTableViewCell.swift; sourceTree = "<group>"; };
		D558873728A288860003F11C /* MainScreenPageViewController.swift */ = {isa = PBXFileReference; lastKnownFileType = sourcecode.swift; path = MainScreenPageViewController.swift; sourceTree = "<group>"; };
		D558874828A2ECAA0003F11C /* NetworkManager.swift */ = {isa = PBXFileReference; lastKnownFileType = sourcecode.swift; path = NetworkManager.swift; sourceTree = "<group>"; };
		D558874A28A2ECB70003F11C /* WeatherModel.swift */ = {isa = PBXFileReference; lastKnownFileType = sourcecode.swift; path = WeatherModel.swift; sourceTree = "<group>"; };
		D55C833F28AA8C0900B956DC /* HourlyForecastView.swift */ = {isa = PBXFileReference; lastKnownFileType = sourcecode.swift; path = HourlyForecastView.swift; sourceTree = "<group>"; };
		D592B094289E8EA700BE85D2 /* SettingsViewController.swift */ = {isa = PBXFileReference; lastKnownFileType = sourcecode.swift; path = SettingsViewController.swift; sourceTree = "<group>"; };
		D592B096289E9B1700BE85D2 /* SettingsTableViewCell.swift */ = {isa = PBXFileReference; lastKnownFileType = sourcecode.swift; path = SettingsTableViewCell.swift; sourceTree = "<group>"; };
		D59DF8ED28985B6500374D63 /* MyWeatherApp.app */ = {isa = PBXFileReference; explicitFileType = wrapper.application; includeInIndex = 0; path = MyWeatherApp.app; sourceTree = BUILT_PRODUCTS_DIR; };
		D59DF8F028985B6500374D63 /* AppDelegate.swift */ = {isa = PBXFileReference; lastKnownFileType = sourcecode.swift; path = AppDelegate.swift; sourceTree = "<group>"; };
		D59DF8FA28985B6500374D63 /* MyWeatherApp.xcdatamodel */ = {isa = PBXFileReference; lastKnownFileType = wrapper.xcdatamodel; path = MyWeatherApp.xcdatamodel; sourceTree = "<group>"; };
		D59DF8FC28985B6A00374D63 /* Assets.xcassets */ = {isa = PBXFileReference; lastKnownFileType = folder.assetcatalog; path = Assets.xcassets; sourceTree = "<group>"; };
		D59DF8FF28985B6A00374D63 /* Base */ = {isa = PBXFileReference; lastKnownFileType = file.storyboard; name = Base; path = Base.lproj/LaunchScreen.storyboard; sourceTree = "<group>"; };
		D59DF90128985B6A00374D63 /* Info.plist */ = {isa = PBXFileReference; lastKnownFileType = text.plist.xml; path = Info.plist; sourceTree = "<group>"; };
		D59DF90728985CA400374D63 /* README.md */ = {isa = PBXFileReference; lastKnownFileType = net.daringfireball.markdown; path = README.md; sourceTree = "<group>"; };
		D59DF90828985EAA00374D63 /* WeatherViewController.swift */ = {isa = PBXFileReference; lastKnownFileType = sourcecode.swift; path = WeatherViewController.swift; sourceTree = "<group>"; };
		D59DF90F2899B1AF00374D63 /* LaunchSettingsViewController.swift */ = {isa = PBXFileReference; lastKnownFileType = sourcecode.swift; path = LaunchSettingsViewController.swift; sourceTree = "<group>"; };
		D59DF9112899B27300374D63 /* Constants.swift */ = {isa = PBXFileReference; lastKnownFileType = sourcecode.swift; path = Constants.swift; sourceTree = "<group>"; };
		D59DF9132899C01000374D63 /* LaunchSettingsView.swift */ = {isa = PBXFileReference; lastKnownFileType = sourcecode.swift; path = LaunchSettingsView.swift; sourceTree = "<group>"; };
		D59DF9172899C92900374D63 /* SeparateLineView.swift */ = {isa = PBXFileReference; lastKnownFileType = sourcecode.swift; path = SeparateLineView.swift; sourceTree = "<group>"; };
		D59DF91A289AF10E00374D63 /* CurrentWeatherCollectionViewCell.swift */ = {isa = PBXFileReference; lastKnownFileType = sourcecode.swift; path = CurrentWeatherCollectionViewCell.swift; sourceTree = "<group>"; };
		D59DF91F289AFAA000374D63 /* HourlyCollectionViewCell.swift */ = {isa = PBXFileReference; lastKnownFileType = sourcecode.swift; path = HourlyCollectionViewCell.swift; sourceTree = "<group>"; };
		D59DF921289AFB3500374D63 /* HourForecastCollectionViewCell.swift */ = {isa = PBXFileReference; lastKnownFileType = sourcecode.swift; path = HourForecastCollectionViewCell.swift; sourceTree = "<group>"; };
		D59DF924289AFE0300374D63 /* HourlyForecastModel.swift */ = {isa = PBXFileReference; lastKnownFileType = sourcecode.swift; path = HourlyForecastModel.swift; sourceTree = "<group>"; };
		D59DF929289C497400374D63 /* DailyCollectionViewCell.swift */ = {isa = PBXFileReference; lastKnownFileType = sourcecode.swift; path = DailyCollectionViewCell.swift; sourceTree = "<group>"; };
		D59DF92B289C4BAA00374D63 /* DailyTableViewCell.swift */ = {isa = PBXFileReference; lastKnownFileType = sourcecode.swift; path = DailyTableViewCell.swift; sourceTree = "<group>"; };
		D59DF92D289C574200374D63 /* DetailsWeatherViewController.swift */ = {isa = PBXFileReference; lastKnownFileType = sourcecode.swift; path = DetailsWeatherViewController.swift; sourceTree = "<group>"; };
		D59DF92F289C582700374D63 /* DetailsForecastCollectionViewCell.swift */ = {isa = PBXFileReference; lastKnownFileType = sourcecode.swift; path = DetailsForecastCollectionViewCell.swift; sourceTree = "<group>"; };
		D59DF931289C609900374D63 /* DetailsBlockCollectionViewCell.swift */ = {isa = PBXFileReference; lastKnownFileType = sourcecode.swift; path = DetailsBlockCollectionViewCell.swift; sourceTree = "<group>"; };
		D59DF933289C683000374D63 /* SearchCityViewController.swift */ = {isa = PBXFileReference; lastKnownFileType = sourcecode.swift; path = SearchCityViewController.swift; sourceTree = "<group>"; };
		D59DF935289C6F3F00374D63 /* CityTableViewCell.swift */ = {isa = PBXFileReference; lastKnownFileType = sourcecode.swift; path = CityTableViewCell.swift; sourceTree = "<group>"; };
		D5C503E128B561BD007DCD48 /* CoreDataStack.swift */ = {isa = PBXFileReference; lastKnownFileType = sourcecode.swift; path = CoreDataStack.swift; sourceTree = "<group>"; };
		D5C503E328B56262007DCD48 /* CoreDataManager.swift */ = {isa = PBXFileReference; lastKnownFileType = sourcecode.swift; path = CoreDataManager.swift; sourceTree = "<group>"; };
		D5C503E528B5634F007DCD48 /* Errors.swift */ = {isa = PBXFileReference; lastKnownFileType = sourcecode.swift; path = Errors.swift; sourceTree = "<group>"; };
		D5C503E828B5657C007DCD48 /* UserDefaultsManager.swift */ = {isa = PBXFileReference; lastKnownFileType = sourcecode.swift; path = UserDefaultsManager.swift; sourceTree = "<group>"; };
		D5C898EE28A57F2600E1B123 /* WeatherData.swift */ = {isa = PBXFileReference; lastKnownFileType = sourcecode.swift; path = WeatherData.swift; sourceTree = "<group>"; };
		D5C898F028A5939B00E1B123 /* CityData.swift */ = {isa = PBXFileReference; lastKnownFileType = sourcecode.swift; path = CityData.swift; sourceTree = "<group>"; };
		D5E8A4C828A18DC200A5A38F /* OnboardingViewController.swift */ = {isa = PBXFileReference; lastKnownFileType = sourcecode.swift; path = OnboardingViewController.swift; sourceTree = "<group>"; };
		D5E8A4CB28A194B800A5A38F /* OnboardingView.swift */ = {isa = PBXFileReference; lastKnownFileType = sourcecode.swift; path = OnboardingView.swift; sourceTree = "<group>"; };
		D5E8A4CE28A1A75500A5A38F /* CustomLabel.swift */ = {isa = PBXFileReference; lastKnownFileType = sourcecode.swift; path = CustomLabel.swift; sourceTree = "<group>"; };
		D5E8A4D028A1AB5E00A5A38F /* CustomSegmentedControl.swift */ = {isa = PBXFileReference; lastKnownFileType = sourcecode.swift; path = CustomSegmentedControl.swift; sourceTree = "<group>"; };
		D5E8A4D228A1B11100A5A38F /* CustomButton.swift */ = {isa = PBXFileReference; lastKnownFileType = sourcecode.swift; path = CustomButton.swift; sourceTree = "<group>"; };
		D5E8A4D428A1BE8300A5A38F /* DetailsChartCollectionViewCell.swift */ = {isa = PBXFileReference; lastKnownFileType = sourcecode.swift; path = DetailsChartCollectionViewCell.swift; sourceTree = "<group>"; };
		D5F0C56F28BE0EBA00B878EC /* ToolBar.swift */ = {isa = PBXFileReference; lastKnownFileType = sourcecode.swift; path = ToolBar.swift; sourceTree = "<group>"; };
/* End PBXFileReference section */

/* Begin PBXFrameworksBuildPhase section */
		D59DF8EA28985B6500374D63 /* Frameworks */ = {
			isa = PBXFrameworksBuildPhase;
			buildActionMask = 2147483647;
			files = (
				D59DF90E2898621D00374D63 /* SnapKit in Frameworks */,
				D5E8A4DB28A1C18400A5A38F /* Charts in Frameworks */,
			);
			runOnlyForDeploymentPostprocessing = 0;
		};
/* End PBXFrameworksBuildPhase section */

/* Begin PBXGroup section */
		D558872E28A27DE20003F11C /* Weather */ = {
			isa = PBXGroup;
			children = (
				D558873228A27ED90003F11C /* View */,
				D558873328A27EEE0003F11C /* Controller */,
			);
			path = Weather;
			sourceTree = "<group>";
		};
		D558872F28A27E1A0003F11C /* Details */ = {
			isa = PBXGroup;
			children = (
				D558873628A27F1E0003F11C /* Controller */,
				D558873528A27F0E0003F11C /* View */,
			);
			path = Details;
			sourceTree = "<group>";
		};
		D558873028A27E370003F11C /* Search */ = {
			isa = PBXGroup;
			children = (
				D59DF933289C683000374D63 /* SearchCityViewController.swift */,
				D59DF935289C6F3F00374D63 /* CityTableViewCell.swift */,
				D5384C2228BC130100BB5E50 /* LoadingCityTableViewCell.swift */,
			);
			path = Search;
			sourceTree = "<group>";
		};
		D558873128A27E510003F11C /* Settings */ = {
			isa = PBXGroup;
			children = (
				D592B094289E8EA700BE85D2 /* SettingsViewController.swift */,
				D592B096289E9B1700BE85D2 /* SettingsTableViewCell.swift */,
			);
			path = Settings;
			sourceTree = "<group>";
		};
		D558873228A27ED90003F11C /* View */ = {
			isa = PBXGroup;
			children = (
				D55C833F28AA8C0900B956DC /* HourlyForecastView.swift */,
				D59DF919289AF0BF00374D63 /* Cells */,
			);
			path = View;
			sourceTree = "<group>";
		};
		D558873328A27EEE0003F11C /* Controller */ = {
			isa = PBXGroup;
			children = (
				D59DF90828985EAA00374D63 /* WeatherViewController.swift */,
				D558873728A288860003F11C /* MainScreenPageViewController.swift */,
			);
			path = Controller;
			sourceTree = "<group>";
		};
		D558873428A27F080003F11C /* Cells */ = {
			isa = PBXGroup;
			children = (
				D59DF92F289C582700374D63 /* DetailsForecastCollectionViewCell.swift */,
				D5E8A4D428A1BE8300A5A38F /* DetailsChartCollectionViewCell.swift */,
				D59DF931289C609900374D63 /* DetailsBlockCollectionViewCell.swift */,
			);
			path = Cells;
			sourceTree = "<group>";
		};
		D558873528A27F0E0003F11C /* View */ = {
			isa = PBXGroup;
			children = (
				D558873428A27F080003F11C /* Cells */,
			);
			path = View;
			sourceTree = "<group>";
		};
		D558873628A27F1E0003F11C /* Controller */ = {
			isa = PBXGroup;
			children = (
				D59DF92D289C574200374D63 /* DetailsWeatherViewController.swift */,
			);
			path = Controller;
			sourceTree = "<group>";
		};
		D558874328A2EC560003F11C /* NetworkManager */ = {
			isa = PBXGroup;
			children = (
				D558874828A2ECAA0003F11C /* NetworkManager.swift */,
				D558874628A2EC8F0003F11C /* Model */,
				D558874728A2EC9B0003F11C /* Data */,
			);
			path = NetworkManager;
			sourceTree = "<group>";
		};
		D558874628A2EC8F0003F11C /* Model */ = {
			isa = PBXGroup;
			children = (
				D558874A28A2ECB70003F11C /* WeatherModel.swift */,
				D509506428A3F5970030F5EB /* CityModel.swift */,
			);
			path = Model;
			sourceTree = "<group>";
		};
		D558874728A2EC9B0003F11C /* Data */ = {
			isa = PBXGroup;
			children = (
				D5C898F028A5939B00E1B123 /* CityData.swift */,
				D5C898EE28A57F2600E1B123 /* WeatherData.swift */,
			);
			path = Data;
			sourceTree = "<group>";
		};
		D59DF8E428985B6500374D63 = {
			isa = PBXGroup;
			children = (
				D59DF8EF28985B6500374D63 /* MyWeatherApp */,
				D59DF8EE28985B6500374D63 /* Products */,
			);
			sourceTree = "<group>";
		};
		D59DF8EE28985B6500374D63 /* Products */ = {
			isa = PBXGroup;
			children = (
				D59DF8ED28985B6500374D63 /* MyWeatherApp.app */,
			);
			name = Products;
			sourceTree = "<group>";
		};
		D59DF8EF28985B6500374D63 /* MyWeatherApp */ = {
			isa = PBXGroup;
			children = (
				D5C503E728B56567007DCD48 /* UserDefaults */,
				D5C503E028B561AC007DCD48 /* CoreData */,
				D558874328A2EC560003F11C /* NetworkManager */,
				D59DF927289B05DE00374D63 /* AppState */,
				D59DF923289AFDE300374D63 /* Model */,
				D59DF926289B05C600374D63 /* Views */,
				D59DF91C289AF38400374D63 /* Facades */,
				D59DF928289B063000374D63 /* Controllers */,
				D59DF8FC28985B6A00374D63 /* Assets.xcassets */,
				D59DF8FE28985B6A00374D63 /* LaunchScreen.storyboard */,
				D59DF90128985B6A00374D63 /* Info.plist */,
				D59DF8F928985B6500374D63 /* MyWeatherApp.xcdatamodeld */,
				D59DF90728985CA400374D63 /* README.md */,
			);
			path = MyWeatherApp;
			sourceTree = "<group>";
		};
		D59DF919289AF0BF00374D63 /* Cells */ = {
			isa = PBXGroup;
			children = (
				D59DF91A289AF10E00374D63 /* CurrentWeatherCollectionViewCell.swift */,
				D59DF921289AFB3500374D63 /* HourForecastCollectionViewCell.swift */,
				D59DF91F289AFAA000374D63 /* HourlyCollectionViewCell.swift */,
				D59DF92B289C4BAA00374D63 /* DailyTableViewCell.swift */,
				D59DF929289C497400374D63 /* DailyCollectionViewCell.swift */,
			);
			path = Cells;
			sourceTree = "<group>";
		};
		D59DF91C289AF38400374D63 /* Facades */ = {
			isa = PBXGroup;
			children = (
				D5E8A4CE28A1A75500A5A38F /* CustomLabel.swift */,
				D5E8A4D028A1AB5E00A5A38F /* CustomSegmentedControl.swift */,
				D5E8A4D228A1B11100A5A38F /* CustomButton.swift */,
				D5F0C56F28BE0EBA00B878EC /* ToolBar.swift */,
			);
			path = Facades;
			sourceTree = "<group>";
		};
		D59DF923289AFDE300374D63 /* Model */ = {
			isa = PBXGroup;
			children = (
				D59DF924289AFE0300374D63 /* HourlyForecastModel.swift */,
			);
			path = Model;
			sourceTree = "<group>";
		};
		D59DF926289B05C600374D63 /* Views */ = {
			isa = PBXGroup;
			children = (
				D59DF9172899C92900374D63 /* SeparateLineView.swift */,
			);
			path = Views;
			sourceTree = "<group>";
		};
		D59DF927289B05DE00374D63 /* AppState */ = {
			isa = PBXGroup;
			children = (
				D59DF8F028985B6500374D63 /* AppDelegate.swift */,
				D59DF9112899B27300374D63 /* Constants.swift */,
				D5C503E528B5634F007DCD48 /* Errors.swift */,
			);
			path = AppState;
			sourceTree = "<group>";
		};
		D59DF928289B063000374D63 /* Controllers */ = {
			isa = PBXGroup;
			children = (
				D558872E28A27DE20003F11C /* Weather */,
				D558872F28A27E1A0003F11C /* Details */,
				D558873028A27E370003F11C /* Search */,
				D558873128A27E510003F11C /* Settings */,
				D5E8A4CA28A1946900A5A38F /* Onboarding */,
				D5E8A4CD28A19FE500A5A38F /* Launch settings */,
			);
			path = Controllers;
			sourceTree = "<group>";
		};
		D5C503E028B561AC007DCD48 /* CoreData */ = {
			isa = PBXGroup;
			children = (
				D5C503E128B561BD007DCD48 /* CoreDataStack.swift */,
				D5C503E328B56262007DCD48 /* CoreDataManager.swift */,
			);
			path = CoreData;
			sourceTree = "<group>";
		};
		D5C503E728B56567007DCD48 /* UserDefaults */ = {
			isa = PBXGroup;
			children = (
				D5C503E828B5657C007DCD48 /* UserDefaultsManager.swift */,
			);
			path = UserDefaults;
			sourceTree = "<group>";
		};
		D5E8A4CA28A1946900A5A38F /* Onboarding */ = {
			isa = PBXGroup;
			children = (
				D5E8A4C828A18DC200A5A38F /* OnboardingViewController.swift */,
				D5E8A4CB28A194B800A5A38F /* OnboardingView.swift */,
			);
			path = Onboarding;
			sourceTree = "<group>";
		};
		D5E8A4CD28A19FE500A5A38F /* Launch settings */ = {
			isa = PBXGroup;
			children = (
				D59DF90F2899B1AF00374D63 /* LaunchSettingsViewController.swift */,
				D59DF9132899C01000374D63 /* LaunchSettingsView.swift */,
			);
			path = "Launch settings";
			sourceTree = "<group>";
		};
/* End PBXGroup section */

/* Begin PBXNativeTarget section */
		D59DF8EC28985B6500374D63 /* MyWeatherApp */ = {
			isa = PBXNativeTarget;
			buildConfigurationList = D59DF90428985B6A00374D63 /* Build configuration list for PBXNativeTarget "MyWeatherApp" */;
			buildPhases = (
				D59DF8E928985B6500374D63 /* Sources */,
				D59DF8EA28985B6500374D63 /* Frameworks */,
				D59DF8EB28985B6500374D63 /* Resources */,
			);
			buildRules = (
			);
			dependencies = (
			);
			name = MyWeatherApp;
			packageProductDependencies = (
				D59DF90D2898621D00374D63 /* SnapKit */,
				D5E8A4DA28A1C18400A5A38F /* Charts */,
			);
			productName = MyWeatherApp;
			productReference = D59DF8ED28985B6500374D63 /* MyWeatherApp.app */;
			productType = "com.apple.product-type.application";
		};
/* End PBXNativeTarget section */

/* Begin PBXProject section */
		D59DF8E528985B6500374D63 /* Project object */ = {
			isa = PBXProject;
			attributes = {
				BuildIndependentTargetsInParallel = 1;
				LastSwiftUpdateCheck = 1340;
				LastUpgradeCheck = 1340;
				TargetAttributes = {
					D59DF8EC28985B6500374D63 = {
						CreatedOnToolsVersion = 13.4;
					};
				};
			};
			buildConfigurationList = D59DF8E828985B6500374D63 /* Build configuration list for PBXProject "MyWeatherApp" */;
			compatibilityVersion = "Xcode 13.0";
			developmentRegion = en;
			hasScannedForEncodings = 0;
			knownRegions = (
				en,
				Base,
			);
			mainGroup = D59DF8E428985B6500374D63;
			packageReferences = (
				D59DF90C2898621D00374D63 /* XCRemoteSwiftPackageReference "SnapKit" */,
				D5E8A4D928A1C18400A5A38F /* XCRemoteSwiftPackageReference "Charts" */,
			);
			productRefGroup = D59DF8EE28985B6500374D63 /* Products */;
			projectDirPath = "";
			projectRoot = "";
			targets = (
				D59DF8EC28985B6500374D63 /* MyWeatherApp */,
			);
		};
/* End PBXProject section */

/* Begin PBXResourcesBuildPhase section */
		D59DF8EB28985B6500374D63 /* Resources */ = {
			isa = PBXResourcesBuildPhase;
			buildActionMask = 2147483647;
			files = (
				D59DF90028985B6A00374D63 /* LaunchScreen.storyboard in Resources */,
				D59DF8FD28985B6A00374D63 /* Assets.xcassets in Resources */,
			);
			runOnlyForDeploymentPostprocessing = 0;
		};
/* End PBXResourcesBuildPhase section */

/* Begin PBXSourcesBuildPhase section */
		D59DF8E928985B6500374D63 /* Sources */ = {
			isa = PBXSourcesBuildPhase;
			buildActionMask = 2147483647;
			files = (
				D59DF8FB28985B6500374D63 /* MyWeatherApp.xcdatamodeld in Sources */,
				D5E8A4CF28A1A75500A5A38F /* CustomLabel.swift in Sources */,
				D5E8A4D328A1B11100A5A38F /* CustomButton.swift in Sources */,
				D5C503E228B561BD007DCD48 /* CoreDataStack.swift in Sources */,
				D59DF90928985EAA00374D63 /* WeatherViewController.swift in Sources */,
				D558874B28A2ECB70003F11C /* WeatherModel.swift in Sources */,
				D592B095289E8EA700BE85D2 /* SettingsViewController.swift in Sources */,
				D59DF92A289C497400374D63 /* DailyCollectionViewCell.swift in Sources */,
				D558873828A288860003F11C /* MainScreenPageViewController.swift in Sources */,
				D5F0C57028BE0EBA00B878EC /* ToolBar.swift in Sources */,
				D5E8A4D528A1BE8300A5A38F /* DetailsChartCollectionViewCell.swift in Sources */,
				D5E8A4C928A18DC200A5A38F /* OnboardingViewController.swift in Sources */,
				D59DF936289C6F3F00374D63 /* CityTableViewCell.swift in Sources */,
				D59DF925289AFE0300374D63 /* HourlyForecastModel.swift in Sources */,
				D592B097289E9B1700BE85D2 /* SettingsTableViewCell.swift in Sources */,
				D59DF930289C582700374D63 /* DetailsForecastCollectionViewCell.swift in Sources */,
				D5384C2328BC130100BB5E50 /* LoadingCityTableViewCell.swift in Sources */,
				D558874928A2ECAA0003F11C /* NetworkManager.swift in Sources */,
				D59DF9142899C01000374D63 /* LaunchSettingsView.swift in Sources */,
				D59DF9102899B1AF00374D63 /* LaunchSettingsViewController.swift in Sources */,
				D55C834028AA8C0900B956DC /* HourlyForecastView.swift in Sources */,
				D59DF92C289C4BAA00374D63 /* DailyTableViewCell.swift in Sources */,
				D5C898F128A5939C00E1B123 /* CityData.swift in Sources */,
				D509506528A3F5970030F5EB /* CityModel.swift in Sources */,
				D59DF91B289AF10E00374D63 /* CurrentWeatherCollectionViewCell.swift in Sources */,
				D59DF9122899B27300374D63 /* Constants.swift in Sources */,
				D5C503E628B5634F007DCD48 /* Errors.swift in Sources */,
				D5C503E428B56262007DCD48 /* CoreDataManager.swift in Sources */,
				D59DF92E289C574200374D63 /* DetailsWeatherViewController.swift in Sources */,
				D5C503E928B5657C007DCD48 /* UserDefaultsManager.swift in Sources */,
				D59DF920289AFAA000374D63 /* HourlyCollectionViewCell.swift in Sources */,
				D5C898EF28A57F2600E1B123 /* WeatherData.swift in Sources */,
				D59DF9182899C92900374D63 /* SeparateLineView.swift in Sources */,
				D59DF934289C683000374D63 /* SearchCityViewController.swift in Sources */,
				D59DF8F128985B6500374D63 /* AppDelegate.swift in Sources */,
				D5E8A4D128A1AB5E00A5A38F /* CustomSegmentedControl.swift in Sources */,
				D59DF922289AFB3500374D63 /* HourForecastCollectionViewCell.swift in Sources */,
				D5E8A4CC28A194B800A5A38F /* OnboardingView.swift in Sources */,
				D59DF932289C609900374D63 /* DetailsBlockCollectionViewCell.swift in Sources */,
			);
			runOnlyForDeploymentPostprocessing = 0;
		};
/* End PBXSourcesBuildPhase section */

/* Begin PBXVariantGroup section */
		D59DF8FE28985B6A00374D63 /* LaunchScreen.storyboard */ = {
			isa = PBXVariantGroup;
			children = (
				D59DF8FF28985B6A00374D63 /* Base */,
			);
			name = LaunchScreen.storyboard;
			sourceTree = "<group>";
		};
/* End PBXVariantGroup section */

/* Begin XCBuildConfiguration section */
		D59DF90228985B6A00374D63 /* Debug */ = {
			isa = XCBuildConfiguration;
			buildSettings = {
				ALWAYS_SEARCH_USER_PATHS = NO;
				CLANG_ANALYZER_NONNULL = YES;
				CLANG_ANALYZER_NUMBER_OBJECT_CONVERSION = YES_AGGRESSIVE;
				CLANG_CXX_LANGUAGE_STANDARD = "gnu++17";
				CLANG_ENABLE_MODULES = YES;
				CLANG_ENABLE_OBJC_ARC = YES;
				CLANG_ENABLE_OBJC_WEAK = YES;
				CLANG_WARN_BLOCK_CAPTURE_AUTORELEASING = YES;
				CLANG_WARN_BOOL_CONVERSION = YES;
				CLANG_WARN_COMMA = YES;
				CLANG_WARN_CONSTANT_CONVERSION = YES;
				CLANG_WARN_DEPRECATED_OBJC_IMPLEMENTATIONS = YES;
				CLANG_WARN_DIRECT_OBJC_ISA_USAGE = YES_ERROR;
				CLANG_WARN_DOCUMENTATION_COMMENTS = YES;
				CLANG_WARN_EMPTY_BODY = YES;
				CLANG_WARN_ENUM_CONVERSION = YES;
				CLANG_WARN_INFINITE_RECURSION = YES;
				CLANG_WARN_INT_CONVERSION = YES;
				CLANG_WARN_NON_LITERAL_NULL_CONVERSION = YES;
				CLANG_WARN_OBJC_IMPLICIT_RETAIN_SELF = YES;
				CLANG_WARN_OBJC_LITERAL_CONVERSION = YES;
				CLANG_WARN_OBJC_ROOT_CLASS = YES_ERROR;
				CLANG_WARN_QUOTED_INCLUDE_IN_FRAMEWORK_HEADER = YES;
				CLANG_WARN_RANGE_LOOP_ANALYSIS = YES;
				CLANG_WARN_STRICT_PROTOTYPES = YES;
				CLANG_WARN_SUSPICIOUS_MOVE = YES;
				CLANG_WARN_UNGUARDED_AVAILABILITY = YES_AGGRESSIVE;
				CLANG_WARN_UNREACHABLE_CODE = YES;
				CLANG_WARN__DUPLICATE_METHOD_MATCH = YES;
				COPY_PHASE_STRIP = NO;
				DEBUG_INFORMATION_FORMAT = dwarf;
				ENABLE_STRICT_OBJC_MSGSEND = YES;
				ENABLE_TESTABILITY = YES;
				GCC_C_LANGUAGE_STANDARD = gnu11;
				GCC_DYNAMIC_NO_PIC = NO;
				GCC_NO_COMMON_BLOCKS = YES;
				GCC_OPTIMIZATION_LEVEL = 0;
				GCC_PREPROCESSOR_DEFINITIONS = (
					"DEBUG=1",
					"$(inherited)",
				);
				GCC_WARN_64_TO_32_BIT_CONVERSION = YES;
				GCC_WARN_ABOUT_RETURN_TYPE = YES_ERROR;
				GCC_WARN_UNDECLARED_SELECTOR = YES;
				GCC_WARN_UNINITIALIZED_AUTOS = YES_AGGRESSIVE;
				GCC_WARN_UNUSED_FUNCTION = YES;
				GCC_WARN_UNUSED_VARIABLE = YES;
				IPHONEOS_DEPLOYMENT_TARGET = 15.5;
				MTL_ENABLE_DEBUG_INFO = INCLUDE_SOURCE;
				MTL_FAST_MATH = YES;
				ONLY_ACTIVE_ARCH = YES;
				SDKROOT = iphoneos;
				SWIFT_ACTIVE_COMPILATION_CONDITIONS = DEBUG;
				SWIFT_OPTIMIZATION_LEVEL = "-Onone";
			};
			name = Debug;
		};
		D59DF90328985B6A00374D63 /* Release */ = {
			isa = XCBuildConfiguration;
			buildSettings = {
				ALWAYS_SEARCH_USER_PATHS = NO;
				CLANG_ANALYZER_NONNULL = YES;
				CLANG_ANALYZER_NUMBER_OBJECT_CONVERSION = YES_AGGRESSIVE;
				CLANG_CXX_LANGUAGE_STANDARD = "gnu++17";
				CLANG_ENABLE_MODULES = YES;
				CLANG_ENABLE_OBJC_ARC = YES;
				CLANG_ENABLE_OBJC_WEAK = YES;
				CLANG_WARN_BLOCK_CAPTURE_AUTORELEASING = YES;
				CLANG_WARN_BOOL_CONVERSION = YES;
				CLANG_WARN_COMMA = YES;
				CLANG_WARN_CONSTANT_CONVERSION = YES;
				CLANG_WARN_DEPRECATED_OBJC_IMPLEMENTATIONS = YES;
				CLANG_WARN_DIRECT_OBJC_ISA_USAGE = YES_ERROR;
				CLANG_WARN_DOCUMENTATION_COMMENTS = YES;
				CLANG_WARN_EMPTY_BODY = YES;
				CLANG_WARN_ENUM_CONVERSION = YES;
				CLANG_WARN_INFINITE_RECURSION = YES;
				CLANG_WARN_INT_CONVERSION = YES;
				CLANG_WARN_NON_LITERAL_NULL_CONVERSION = YES;
				CLANG_WARN_OBJC_IMPLICIT_RETAIN_SELF = YES;
				CLANG_WARN_OBJC_LITERAL_CONVERSION = YES;
				CLANG_WARN_OBJC_ROOT_CLASS = YES_ERROR;
				CLANG_WARN_QUOTED_INCLUDE_IN_FRAMEWORK_HEADER = YES;
				CLANG_WARN_RANGE_LOOP_ANALYSIS = YES;
				CLANG_WARN_STRICT_PROTOTYPES = YES;
				CLANG_WARN_SUSPICIOUS_MOVE = YES;
				CLANG_WARN_UNGUARDED_AVAILABILITY = YES_AGGRESSIVE;
				CLANG_WARN_UNREACHABLE_CODE = YES;
				CLANG_WARN__DUPLICATE_METHOD_MATCH = YES;
				COPY_PHASE_STRIP = NO;
				DEBUG_INFORMATION_FORMAT = "dwarf-with-dsym";
				ENABLE_NS_ASSERTIONS = NO;
				ENABLE_STRICT_OBJC_MSGSEND = YES;
				GCC_C_LANGUAGE_STANDARD = gnu11;
				GCC_NO_COMMON_BLOCKS = YES;
				GCC_WARN_64_TO_32_BIT_CONVERSION = YES;
				GCC_WARN_ABOUT_RETURN_TYPE = YES_ERROR;
				GCC_WARN_UNDECLARED_SELECTOR = YES;
				GCC_WARN_UNINITIALIZED_AUTOS = YES_AGGRESSIVE;
				GCC_WARN_UNUSED_FUNCTION = YES;
				GCC_WARN_UNUSED_VARIABLE = YES;
				IPHONEOS_DEPLOYMENT_TARGET = 15.5;
				MTL_ENABLE_DEBUG_INFO = NO;
				MTL_FAST_MATH = YES;
				SDKROOT = iphoneos;
				SWIFT_COMPILATION_MODE = wholemodule;
				SWIFT_OPTIMIZATION_LEVEL = "-O";
				VALIDATE_PRODUCT = YES;
			};
			name = Release;
		};
		D59DF90528985B6A00374D63 /* Debug */ = {
			isa = XCBuildConfiguration;
			buildSettings = {
				ASSETCATALOG_COMPILER_APPICON_NAME = AppIcon;
				ASSETCATALOG_COMPILER_GLOBAL_ACCENT_COLOR_NAME = AccentColor;
				CODE_SIGN_STYLE = Automatic;
				CURRENT_PROJECT_VERSION = 1;
				DEVELOPMENT_TEAM = KY382G7762;
				GENERATE_INFOPLIST_FILE = YES;
				INFOPLIST_FILE = MyWeatherApp/Info.plist;
				INFOPLIST_KEY_UIApplicationSupportsIndirectInputEvents = YES;
				INFOPLIST_KEY_UILaunchStoryboardName = LaunchScreen;
				INFOPLIST_KEY_UISupportedInterfaceOrientations = UIInterfaceOrientationPortrait;
				INFOPLIST_KEY_UISupportedInterfaceOrientations_iPad = "UIInterfaceOrientationPortrait UIInterfaceOrientationPortraitUpsideDown UIInterfaceOrientationLandscapeLeft UIInterfaceOrientationLandscapeRight";
				INFOPLIST_KEY_UISupportedInterfaceOrientations_iPhone = "UIInterfaceOrientationPortrait UIInterfaceOrientationLandscapeLeft UIInterfaceOrientationLandscapeRight";
				LD_RUNPATH_SEARCH_PATHS = (
					"$(inherited)",
					"@executable_path/Frameworks",
				);
				MARKETING_VERSION = 1.0;
				PRODUCT_BUNDLE_IDENTIFIER = savie.MyWeatherApp;
				PRODUCT_NAME = "$(TARGET_NAME)";
				SWIFT_EMIT_LOC_STRINGS = YES;
				SWIFT_VERSION = 5.0;
				TARGETED_DEVICE_FAMILY = 1;
			};
			name = Debug;
		};
		D59DF90628985B6A00374D63 /* Release */ = {
			isa = XCBuildConfiguration;
			buildSettings = {
				ASSETCATALOG_COMPILER_APPICON_NAME = AppIcon;
				ASSETCATALOG_COMPILER_GLOBAL_ACCENT_COLOR_NAME = AccentColor;
				CODE_SIGN_STYLE = Automatic;
				CURRENT_PROJECT_VERSION = 1;
				DEVELOPMENT_TEAM = KY382G7762;
				GENERATE_INFOPLIST_FILE = YES;
				INFOPLIST_FILE = MyWeatherApp/Info.plist;
				INFOPLIST_KEY_UIApplicationSupportsIndirectInputEvents = YES;
				INFOPLIST_KEY_UILaunchStoryboardName = LaunchScreen;
				INFOPLIST_KEY_UISupportedInterfaceOrientations = UIInterfaceOrientationPortrait;
				INFOPLIST_KEY_UISupportedInterfaceOrientations_iPad = "UIInterfaceOrientationPortrait UIInterfaceOrientationPortraitUpsideDown UIInterfaceOrientationLandscapeLeft UIInterfaceOrientationLandscapeRight";
				INFOPLIST_KEY_UISupportedInterfaceOrientations_iPhone = "UIInterfaceOrientationPortrait UIInterfaceOrientationLandscapeLeft UIInterfaceOrientationLandscapeRight";
				LD_RUNPATH_SEARCH_PATHS = (
					"$(inherited)",
					"@executable_path/Frameworks",
				);
				MARKETING_VERSION = 1.0;
				PRODUCT_BUNDLE_IDENTIFIER = savie.MyWeatherApp;
				PRODUCT_NAME = "$(TARGET_NAME)";
				SWIFT_EMIT_LOC_STRINGS = YES;
				SWIFT_VERSION = 5.0;
				TARGETED_DEVICE_FAMILY = 1;
			};
			name = Release;
		};
/* End XCBuildConfiguration section */

/* Begin XCConfigurationList section */
		D59DF8E828985B6500374D63 /* Build configuration list for PBXProject "MyWeatherApp" */ = {
			isa = XCConfigurationList;
			buildConfigurations = (
				D59DF90228985B6A00374D63 /* Debug */,
				D59DF90328985B6A00374D63 /* Release */,
			);
			defaultConfigurationIsVisible = 0;
			defaultConfigurationName = Release;
		};
		D59DF90428985B6A00374D63 /* Build configuration list for PBXNativeTarget "MyWeatherApp" */ = {
			isa = XCConfigurationList;
			buildConfigurations = (
				D59DF90528985B6A00374D63 /* Debug */,
				D59DF90628985B6A00374D63 /* Release */,
			);
			defaultConfigurationIsVisible = 0;
			defaultConfigurationName = Release;
		};
/* End XCConfigurationList section */

/* Begin XCRemoteSwiftPackageReference section */
		D59DF90C2898621D00374D63 /* XCRemoteSwiftPackageReference "SnapKit" */ = {
			isa = XCRemoteSwiftPackageReference;
			repositoryURL = "https://github.com/SnapKit/SnapKit.git";
			requirement = {
				kind = exactVersion;
				version = 5.6.0;
			};
		};
		D5E8A4D928A1C18400A5A38F /* XCRemoteSwiftPackageReference "Charts" */ = {
			isa = XCRemoteSwiftPackageReference;
			repositoryURL = "https://github.com/danielgindi/Charts";
			requirement = {
				kind = exactVersion;
				version = 4.0.3;
			};
		};
/* End XCRemoteSwiftPackageReference section */

/* Begin XCSwiftPackageProductDependency section */
		D59DF90D2898621D00374D63 /* SnapKit */ = {
			isa = XCSwiftPackageProductDependency;
			package = D59DF90C2898621D00374D63 /* XCRemoteSwiftPackageReference "SnapKit" */;
			productName = SnapKit;
		};
		D5E8A4DA28A1C18400A5A38F /* Charts */ = {
			isa = XCSwiftPackageProductDependency;
			package = D5E8A4D928A1C18400A5A38F /* XCRemoteSwiftPackageReference "Charts" */;
			productName = Charts;
		};
/* End XCSwiftPackageProductDependency section */

/* Begin XCVersionGroup section */
		D59DF8F928985B6500374D63 /* MyWeatherApp.xcdatamodeld */ = {
			isa = XCVersionGroup;
			children = (
				D59DF8FA28985B6500374D63 /* MyWeatherApp.xcdatamodel */,
			);
			currentVersion = D59DF8FA28985B6500374D63 /* MyWeatherApp.xcdatamodel */;
			path = MyWeatherApp.xcdatamodeld;
			sourceTree = "<group>";
			versionGroupType = wrapper.xcdatamodel;
		};
/* End XCVersionGroup section */
	};
	rootObject = D59DF8E528985B6500374D63 /* Project object */;
}
